
Microsoft Visual Studio Solution File, Format Version 12.00
# Visual Studio Version 17
VisualStudioVersion = 17.0.31903.59
MinimumVisualStudioVersion = 10.0.40219.1
Project("{2150E333-8FDC-42A3-9474-1A3956D46DE8}") = "src", "src", "{827E0CD3-B72D-47B6-A68D-7590B98EB39B}"
EndProject
Project("{FAE04EC0-301F-11D3-BF4B-00C04F79EFBC}") = "BasicCSharpApp.Core", "src\BasicCSharpApp.Core\BasicCSharpApp.Core.csproj", "{7EA92173-A6CF-47D0-A3F0-A9DDCFB1F9E8}"
EndProject
Project("{FAE04EC0-301F-11D3-BF4B-00C04F79EFBC}") = "BasicCSharpApp.Tests", "test\BasicCSharpApp.Tests\BasicCSharpApp.Tests.csproj", "{76BD6EA6-AC9E-4410-A24E-F5AA0414D92A}"
EndProject
Global
	GlobalSection(SolutionConfigurationPlatforms) = preSolution
		Debug|Any CPU = Debug|Any CPU
		Debug|x64 = Debug|x64
		Debug|x86 = Debug|x86
		Release|Any CPU = Release|Any CPU
		Release|x64 = Release|x64
		Release|x86 = Release|x86
	EndGlobalSection
	GlobalSection(ProjectConfigurationPlatforms) = postSolution
		{7EA92173-A6CF-47D0-A3F0-A9DDCFB1F9E8}.Debug|Any CPU.ActiveCfg = Debug|Any CPU
		{7EA92173-A6CF-47D0-A3F0-A9DDCFB1F9E8}.Debug|Any CPU.Build.0 = Debug|Any CPU
		{7EA92173-A6CF-47D0-A3F0-A9DDCFB1F9E8}.Debug|x64.ActiveCfg = Debug|Any CPU
		{7EA92173-A6CF-47D0-A3F0-A9DDCFB1F9E8}.Debug|x64.Build.0 = Debug|Any CPU
		{7EA92173-A6CF-47D0-A3F0-A9DDCFB1F9E8}.Debug|x86.ActiveCfg = Debug|Any CPU
		{7EA92173-A6CF-47D0-A3F0-A9DDCFB1F9E8}.Debug|x86.Build.0 = Debug|Any CPU
		{7EA92173-A6CF-47D0-A3F0-A9DDCFB1F9E8}.Release|Any CPU.ActiveCfg = Release|Any CPU
		{7EA92173-A6CF-47D0-A3F0-A9DDCFB1F9E8}.Release|Any CPU.Build.0 = Release|Any CPU
		{7EA92173-A6CF-47D0-A3F0-A9DDCFB1F9E8}.Release|x64.ActiveCfg = Release|Any CPU
		{7EA92173-A6CF-47D0-A3F0-A9DDCFB1F9E8}.Release|x64.Build.0 = Release|Any CPU
		{7EA92173-A6CF-47D0-A3F0-A9DDCFB1F9E8}.Release|x86.ActiveCfg = Release|Any CPU
		{7EA92173-A6CF-47D0-A3F0-A9DDCFB1F9E8}.Release|x86.Build.0 = Release|Any CPU
		{76BD6EA6-AC9E-4410-A24E-F5AA0414D92A}.Debug|Any CPU.ActiveCfg = Debug|Any CPU
		{76BD6EA6-AC9E-4410-A24E-F5AA0414D92A}.Debug|Any CPU.Build.0 = Debug|Any CPU
		{76BD6EA6-AC9E-4410-A24E-F5AA0414D92A}.Debug|x64.ActiveCfg = Debug|Any CPU
		{76BD6EA6-AC9E-4410-A24E-F5AA0414D92A}.Debug|x64.Build.0 = Debug|Any CPU
		{76BD6EA6-AC9E-4410-A24E-F5AA0414D92A}.Debug|x86.ActiveCfg = Debug|Any CPU
		{76BD6EA6-AC9E-4410-A24E-F5AA0414D92A}.Debug|x86.Build.0 = Debug|Any CPU
		{76BD6EA6-AC9E-4410-A24E-F5AA0414D92A}.Release|Any CPU.ActiveCfg = Release|Any CPU
		{76BD6EA6-AC9E-4410-A24E-F5AA0414D92A}.Release|Any CPU.Build.0 = Release|Any CPU
		{76BD6EA6-AC9E-4410-A24E-F5AA0414D92A}.Release|x64.ActiveCfg = Release|Any CPU
		{76BD6EA6-AC9E-4410-A24E-F5AA0414D92A}.Release|x64.Build.0 = Release|Any CPU
		{76BD6EA6-AC9E-4410-A24E-F5AA0414D92A}.Release|x86.ActiveCfg = Release|Any CPU
		{76BD6EA6-AC9E-4410-A24E-F5AA0414D92A}.Release|x86.Build.0 = Release|Any CPU
	EndGlobalSection
	GlobalSection(SolutionProperties) = preSolution
		HideSolutionNode = FALSE
	EndGlobalSection
	GlobalSection(NestedProjects) = preSolution
		{7EA92173-A6CF-47D0-A3F0-A9DDCFB1F9E8} = {827E0CD3-B72D-47B6-A68D-7590B98EB39B}
		{76BD6EA6-AC9E-4410-A24E-F5AA0414D92A} = {827E0CD3-B72D-47B6-A68D-7590B98EB39B}
	EndGlobalSection
EndGlobal
